
Microsoft Visual Studio Solution File, Format Version 12.00
# Visual Studio Version 16
VisualStudioVersion = 16.0.32228.343
MinimumVisualStudioVersion = 10.0.40219.1
Project("{FAE04EC0-301F-11D3-BF4B-00C04F79EFBC}") = "Demo_learningWeb Api", "Demo_learningWeb Api\Demo_learningWeb Api.csproj", "{8C2F68B4-A55F-484F-8CE5-6414A459D168}"
EndProject
Global
	GlobalSection(SolutionConfigurationPlatforms) = preSolution
		Debug|Any CPU = Debug|Any CPU
		Release|Any CPU = Release|Any CPU
	EndGlobalSection
	GlobalSection(ProjectConfigurationPlatforms) = postSolution
		{8C2F68B4-A55F-484F-8CE5-6414A459D168}.Debug|Any CPU.ActiveCfg = Debug|Any CPU
		{8C2F68B4-A55F-484F-8CE5-6414A459D168}.Debug|Any CPU.Build.0 = Debug|Any CPU
		{8C2F68B4-A55F-484F-8CE5-6414A459D168}.Release|Any CPU.ActiveCfg = Release|Any CPU
		{8C2F68B4-A55F-484F-8CE5-6414A459D168}.Release|Any CPU.Build.0 = Release|Any CPU
	EndGlobalSection
	GlobalSection(SolutionProperties) = preSolution
		HideSolutionNode = FALSE
	EndGlobalSection
	GlobalSection(ExtensibilityGlobals) = postSolution
		SolutionGuid = {35B02181-0AA5-4C3E-9030-4A5EC672FBD5}
	EndGlobalSection
EndGlobal
